
Microsoft Visual Studio Solution File, Format Version 12.00
# Visual Studio 14
VisualStudioVersion = 14.0.25420.1
MinimumVisualStudioVersion = 10.0.40219.1
Project("{FAE04EC0-301F-11D3-BF4B-00C04F79EFBC}") = "Models", "Models\Models.csproj", "{F8F98544-DDE4-4523-A633-3F2A9707E125}"
EndProject
Project("{FAE04EC0-301F-11D3-BF4B-00C04F79EFBC}") = "Directory", "Directory\Directory.csproj", "{FBEF48FC-2FA5-4CB4-AB27-5F7A35B1CB6B}"
EndProject
Project("{2150E333-8FDC-42A3-9474-1A3956D46DE8}") = "Common", "Common", "{F229B2E5-7CD6-4211-ADC3-56DBDEFD46EA}"
EndProject
Project("{FAE04EC0-301F-11D3-BF4B-00C04F79EFBC}") = "Utilities", "Common\Utilities\Utilities.csproj", "{5AF99218-BBD8-48C4-BBDE-EFF5F35B4E05}"
EndProject
Project("{FAE04EC0-301F-11D3-BF4B-00C04F79EFBC}") = "Factories", "Factories\Factories.csproj", "{30CF8748-1D26-4768-8CAF-D69FB51E92B3}"
EndProject
Project("{FAE04EC0-301F-11D3-BF4B-00C04F79EFBC}") = "CTIServices", "CTIServices\CTIServices.csproj", "{33975A3C-9628-4D4F-A91A-72D4755B78E7}"
EndProject
Project("{FAE04EC0-301F-11D3-BF4B-00C04F79EFBC}") = "Data", "Data\Data.csproj", "{F302C49F-9619-40FD-9FFE-385DA58D2BE3}"
EndProject
Project("{FAE04EC0-301F-11D3-BF4B-00C04F79EFBC}") = "MetadataRegistry", "Common\MetadataRegistry\MetadataRegistry.csproj", "{EC0EB03D-04FF-449A-971B-ACC4BBEEFB2A}"
EndProject
Project("{2150E333-8FDC-42A3-9474-1A3956D46DE8}") = "Import", "Import", "{7A93E711-E0DF-4332-96EC-4F342A6C5364}"
EndProject
Project("{FAE04EC0-301F-11D3-BF4B-00C04F79EFBC}") = "CTI.Import", "CTI.Import\CTI.Import.csproj", "{6163F6A4-E139-4CF5-AB59-B6E8508C9EC0}"
EndProject
Project("{2150E333-8FDC-42A3-9474-1A3956D46DE8}") = "Solution Items", "Solution Items", "{F07997C2-115B-4D77-8763-52FC3B58C92F}"
	ProjectSection(SolutionItems) = preProject
		LICENSE = LICENSE
		README.md = README.md
	EndProjectSection
EndProject
Global
	GlobalSection(SolutionConfigurationPlatforms) = preSolution
		ctiTest|Any CPU = ctiTest|Any CPU
		Debug|Any CPU = Debug|Any CPU
		Github|Any CPU = Github|Any CPU
		Release|Any CPU = Release|Any CPU
		Test|Any CPU = Test|Any CPU
	EndGlobalSection
	GlobalSection(ProjectConfigurationPlatforms) = postSolution
		{F8F98544-DDE4-4523-A633-3F2A9707E125}.ctiTest|Any CPU.ActiveCfg = ctiTest|Any CPU
		{F8F98544-DDE4-4523-A633-3F2A9707E125}.ctiTest|Any CPU.Build.0 = ctiTest|Any CPU
		{F8F98544-DDE4-4523-A633-3F2A9707E125}.Debug|Any CPU.ActiveCfg = Debug|Any CPU
		{F8F98544-DDE4-4523-A633-3F2A9707E125}.Debug|Any CPU.Build.0 = Debug|Any CPU
		{F8F98544-DDE4-4523-A633-3F2A9707E125}.Github|Any CPU.ActiveCfg = Github|Any CPU
		{F8F98544-DDE4-4523-A633-3F2A9707E125}.Github|Any CPU.Build.0 = Github|Any CPU
		{F8F98544-DDE4-4523-A633-3F2A9707E125}.Release|Any CPU.ActiveCfg = Release|Any CPU
		{F8F98544-DDE4-4523-A633-3F2A9707E125}.Release|Any CPU.Build.0 = Release|Any CPU
		{F8F98544-DDE4-4523-A633-3F2A9707E125}.Test|Any CPU.ActiveCfg = Test|Any CPU
		{F8F98544-DDE4-4523-A633-3F2A9707E125}.Test|Any CPU.Build.0 = Test|Any CPU
		{FBEF48FC-2FA5-4CB4-AB27-5F7A35B1CB6B}.ctiTest|Any CPU.ActiveCfg = ctiTest|Any CPU
		{FBEF48FC-2FA5-4CB4-AB27-5F7A35B1CB6B}.ctiTest|Any CPU.Build.0 = ctiTest|Any CPU
		{FBEF48FC-2FA5-4CB4-AB27-5F7A35B1CB6B}.Debug|Any CPU.ActiveCfg = Debug|Any CPU
		{FBEF48FC-2FA5-4CB4-AB27-5F7A35B1CB6B}.Debug|Any CPU.Build.0 = Debug|Any CPU
		{FBEF48FC-2FA5-4CB4-AB27-5F7A35B1CB6B}.Github|Any CPU.ActiveCfg = Github|Any CPU
		{FBEF48FC-2FA5-4CB4-AB27-5F7A35B1CB6B}.Github|Any CPU.Build.0 = Github|Any CPU
		{FBEF48FC-2FA5-4CB4-AB27-5F7A35B1CB6B}.Release|Any CPU.ActiveCfg = Release|Any CPU
		{FBEF48FC-2FA5-4CB4-AB27-5F7A35B1CB6B}.Release|Any CPU.Build.0 = Release|Any CPU
		{FBEF48FC-2FA5-4CB4-AB27-5F7A35B1CB6B}.Test|Any CPU.ActiveCfg = Test|Any CPU
		{FBEF48FC-2FA5-4CB4-AB27-5F7A35B1CB6B}.Test|Any CPU.Build.0 = Test|Any CPU
		{5AF99218-BBD8-48C4-BBDE-EFF5F35B4E05}.ctiTest|Any CPU.ActiveCfg = ctiTest|Any CPU
		{5AF99218-BBD8-48C4-BBDE-EFF5F35B4E05}.ctiTest|Any CPU.Build.0 = ctiTest|Any CPU
		{5AF99218-BBD8-48C4-BBDE-EFF5F35B4E05}.Debug|Any CPU.ActiveCfg = Debug|Any CPU
		{5AF99218-BBD8-48C4-BBDE-EFF5F35B4E05}.Debug|Any CPU.Build.0 = Debug|Any CPU
		{5AF99218-BBD8-48C4-BBDE-EFF5F35B4E05}.Github|Any CPU.ActiveCfg = Github|Any CPU
		{5AF99218-BBD8-48C4-BBDE-EFF5F35B4E05}.Github|Any CPU.Build.0 = Github|Any CPU
		{5AF99218-BBD8-48C4-BBDE-EFF5F35B4E05}.Release|Any CPU.ActiveCfg = Release|Any CPU
		{5AF99218-BBD8-48C4-BBDE-EFF5F35B4E05}.Release|Any CPU.Build.0 = Release|Any CPU
		{5AF99218-BBD8-48C4-BBDE-EFF5F35B4E05}.Test|Any CPU.ActiveCfg = Test|Any CPU
		{5AF99218-BBD8-48C4-BBDE-EFF5F35B4E05}.Test|Any CPU.Build.0 = Test|Any CPU
		{30CF8748-1D26-4768-8CAF-D69FB51E92B3}.ctiTest|Any CPU.ActiveCfg = ctiTest|Any CPU
		{30CF8748-1D26-4768-8CAF-D69FB51E92B3}.ctiTest|Any CPU.Build.0 = ctiTest|Any CPU
		{30CF8748-1D26-4768-8CAF-D69FB51E92B3}.Debug|Any CPU.ActiveCfg = Debug|Any CPU
		{30CF8748-1D26-4768-8CAF-D69FB51E92B3}.Debug|Any CPU.Build.0 = Debug|Any CPU
		{30CF8748-1D26-4768-8CAF-D69FB51E92B3}.Github|Any CPU.ActiveCfg = Github|Any CPU
		{30CF8748-1D26-4768-8CAF-D69FB51E92B3}.Github|Any CPU.Build.0 = Github|Any CPU
		{30CF8748-1D26-4768-8CAF-D69FB51E92B3}.Release|Any CPU.ActiveCfg = Release|Any CPU
		{30CF8748-1D26-4768-8CAF-D69FB51E92B3}.Release|Any CPU.Build.0 = Release|Any CPU
		{30CF8748-1D26-4768-8CAF-D69FB51E92B3}.Test|Any CPU.ActiveCfg = Test|Any CPU
		{30CF8748-1D26-4768-8CAF-D69FB51E92B3}.Test|Any CPU.Build.0 = Test|Any CPU
		{33975A3C-9628-4D4F-A91A-72D4755B78E7}.ctiTest|Any CPU.ActiveCfg = ctiTest|Any CPU
		{33975A3C-9628-4D4F-A91A-72D4755B78E7}.ctiTest|Any CPU.Build.0 = ctiTest|Any CPU
		{33975A3C-9628-4D4F-A91A-72D4755B78E7}.Debug|Any CPU.ActiveCfg = Debug|Any CPU
		{33975A3C-9628-4D4F-A91A-72D4755B78E7}.Debug|Any CPU.Build.0 = Debug|Any CPU
		{33975A3C-9628-4D4F-A91A-72D4755B78E7}.Github|Any CPU.ActiveCfg = Github|Any CPU
		{33975A3C-9628-4D4F-A91A-72D4755B78E7}.Github|Any CPU.Build.0 = Github|Any CPU
		{33975A3C-9628-4D4F-A91A-72D4755B78E7}.Release|Any CPU.ActiveCfg = Release|Any CPU
		{33975A3C-9628-4D4F-A91A-72D4755B78E7}.Release|Any CPU.Build.0 = Release|Any CPU
		{33975A3C-9628-4D4F-A91A-72D4755B78E7}.Test|Any CPU.ActiveCfg = Test|Any CPU
		{33975A3C-9628-4D4F-A91A-72D4755B78E7}.Test|Any CPU.Build.0 = Test|Any CPU
		{F302C49F-9619-40FD-9FFE-385DA58D2BE3}.ctiTest|Any CPU.ActiveCfg = ctiTest|Any CPU
		{F302C49F-9619-40FD-9FFE-385DA58D2BE3}.ctiTest|Any CPU.Build.0 = ctiTest|Any CPU
		{F302C49F-9619-40FD-9FFE-385DA58D2BE3}.Debug|Any CPU.ActiveCfg = Debug|Any CPU
		{F302C49F-9619-40FD-9FFE-385DA58D2BE3}.Debug|Any CPU.Build.0 = Debug|Any CPU
		{F302C49F-9619-40FD-9FFE-385DA58D2BE3}.Github|Any CPU.ActiveCfg = Github|Any CPU
		{F302C49F-9619-40FD-9FFE-385DA58D2BE3}.Github|Any CPU.Build.0 = Github|Any CPU
		{F302C49F-9619-40FD-9FFE-385DA58D2BE3}.Release|Any CPU.ActiveCfg = Release|Any CPU
		{F302C49F-9619-40FD-9FFE-385DA58D2BE3}.Release|Any CPU.Build.0 = Release|Any CPU
		{F302C49F-9619-40FD-9FFE-385DA58D2BE3}.Test|Any CPU.ActiveCfg = Test|Any CPU
		{F302C49F-9619-40FD-9FFE-385DA58D2BE3}.Test|Any CPU.Build.0 = Test|Any CPU
		{EC0EB03D-04FF-449A-971B-ACC4BBEEFB2A}.ctiTest|Any CPU.ActiveCfg = Release|Any CPU
		{EC0EB03D-04FF-449A-971B-ACC4BBEEFB2A}.ctiTest|Any CPU.Build.0 = Release|Any CPU
		{EC0EB03D-04FF-449A-971B-ACC4BBEEFB2A}.Debug|Any CPU.ActiveCfg = Debug|Any CPU
		{EC0EB03D-04FF-449A-971B-ACC4BBEEFB2A}.Debug|Any CPU.Build.0 = Debug|Any CPU
		{EC0EB03D-04FF-449A-971B-ACC4BBEEFB2A}.Github|Any CPU.ActiveCfg = Release|Any CPU
		{EC0EB03D-04FF-449A-971B-ACC4BBEEFB2A}.Github|Any CPU.Build.0 = Release|Any CPU
		{EC0EB03D-04FF-449A-971B-ACC4BBEEFB2A}.Release|Any CPU.ActiveCfg = Release|Any CPU
		{EC0EB03D-04FF-449A-971B-ACC4BBEEFB2A}.Release|Any CPU.Build.0 = Release|Any CPU
		{EC0EB03D-04FF-449A-971B-ACC4BBEEFB2A}.Test|Any CPU.ActiveCfg = Release|Any CPU
		{EC0EB03D-04FF-449A-971B-ACC4BBEEFB2A}.Test|Any CPU.Build.0 = Release|Any CPU
		{6163F6A4-E139-4CF5-AB59-B6E8508C9EC0}.ctiTest|Any CPU.ActiveCfg = Release|Any CPU
		{6163F6A4-E139-4CF5-AB59-B6E8508C9EC0}.ctiTest|Any CPU.Build.0 = Release|Any CPU
		{6163F6A4-E139-4CF5-AB59-B6E8508C9EC0}.Debug|Any CPU.ActiveCfg = Debug|Any CPU
		{6163F6A4-E139-4CF5-AB59-B6E8508C9EC0}.Debug|Any CPU.Build.0 = Debug|Any CPU
		{6163F6A4-E139-4CF5-AB59-B6E8508C9EC0}.Github|Any CPU.ActiveCfg = Release|Any CPU
		{6163F6A4-E139-4CF5-AB59-B6E8508C9EC0}.Github|Any CPU.Build.0 = Release|Any CPU
		{6163F6A4-E139-4CF5-AB59-B6E8508C9EC0}.Release|Any CPU.ActiveCfg = Release|Any CPU
		{6163F6A4-E139-4CF5-AB59-B6E8508C9EC0}.Release|Any CPU.Build.0 = Release|Any CPU
		{6163F6A4-E139-4CF5-AB59-B6E8508C9EC0}.Test|Any CPU.ActiveCfg = Release|Any CPU
		{6163F6A4-E139-4CF5-AB59-B6E8508C9EC0}.Test|Any CPU.Build.0 = Release|Any CPU
	EndGlobalSection
	GlobalSection(SolutionProperties) = preSolution
		HideSolutionNode = FALSE
	EndGlobalSection
	GlobalSection(NestedProjects) = preSolution
		{5AF99218-BBD8-48C4-BBDE-EFF5F35B4E05} = {F229B2E5-7CD6-4211-ADC3-56DBDEFD46EA}
		{EC0EB03D-04FF-449A-971B-ACC4BBEEFB2A} = {F229B2E5-7CD6-4211-ADC3-56DBDEFD46EA}
		{6163F6A4-E139-4CF5-AB59-B6E8508C9EC0} = {7A93E711-E0DF-4332-96EC-4F342A6C5364}
	EndGlobalSection
EndGlobal
